{
    "name": "@vladbasin/rn-navigation",
    "version": "1.0.0",
    "lockfileVersion": 1,
    "requires": true,
    "dependencies": {
        "@react-navigation/core": {
            "version": "3.7.6",
            "resolved": "https://registry.npmjs.org/@react-navigation/core/-/core-3.7.6.tgz",
            "integrity": "sha512-loYFIn0Boy7C+vYxwcqsBVRFRO1EizZJErdutE6/3Jw6dbzz3Bnzupbw5hckZNB16GckacMwGoepZNIK51IIcg==",
            "requires": {
                "hoist-non-react-statics": "^3.3.2",
                "path-to-regexp": "^1.8.0",
                "query-string": "^6.11.1",
                "react-is": "^16.13.0"
            }
        },
        "@react-navigation/native": {
            "version": "3.8.0",
            "resolved": "https://registry.npmjs.org/@react-navigation/native/-/native-3.8.0.tgz",
            "integrity": "sha512-Uym5XdNOTpTR6XC4IVa/Shfn12DUF3DUIqch+cpiLNfvauQukVmWoz+Rfxd2faGOzxT12EhrWGFsMJ/8nuTfcw==",
            "requires": {
                "hoist-non-react-statics": "^3.3.2",
                "react-native-safe-area-view": "^0.14.9"
            }
        },
        "@types/yargs": {
            "version": "13.0.10",
            "resolved": "https://registry.npmjs.org/@types/yargs/-/yargs-13.0.10.tgz",
            "integrity": "sha512-MU10TSgzNABgdzKvQVW1nuuT+sgBMWeXNc3XOs5YXV5SDAK+PPja2eUuBNB9iqElu03xyEDqlnGw0jgl4nbqGQ==",
            "dev": true,
            "requires": {
                "@types/yargs-parser": "*"
            }
        },
        "@types/yargs-parser": {
            "version": "15.0.0",
            "resolved": "https://registry.npmjs.org/@types/yargs-parser/-/yargs-parser-15.0.0.tgz",
            "integrity": "sha512-FA/BWv8t8ZWJ+gEOnLLd8ygxH/2UFbAvgEonyfN6yWGLKc7zVjbpl2Y4CTjid9h2RfgPP6SEt6uHwEOply00yw==",
            "dev": true
        },
        "ansi-regex": {
            "version": "4.1.0",
            "resolved": "https://registry.npmjs.org/ansi-regex/-/ansi-regex-4.1.0.tgz",
            "integrity": "sha512-1apePfXM1UOSqw0o9IiFAovVz9M5S1Dg+4TrDwfMewQ6p/rmMueb7tWZjQ1rx4Loy1ArBggoqGpfqqdI4rondg==",
            "dev": true
        },
        "ansi-styles": {
            "version": "3.2.1",
            "resolved": "https://registry.npmjs.org/ansi-styles/-/ansi-styles-3.2.1.tgz",
            "integrity": "sha512-VT0ZI6kZRdTh8YyJw3SMbYm/u+NqfsAxEpWO0Pf9sq8/e94WxxOpPKx9FR1FlyCtOVDNOQ+8ntlqFxiRc+r5qA==",
            "dev": true,
            "requires": {
                "color-convert": "^1.9.0"
            }
        },
        "barrelsby": {
            "version": "2.2.0",
            "resolved": "https://registry.npmjs.org/barrelsby/-/barrelsby-2.2.0.tgz",
            "integrity": "sha512-tv8q7cPd7eu5C0nv9ibqjyypYReMHTIZCJz7wWNiwmLzsSOSJgwhafJKhQmampK/IjpuQSbcDdPTXM2zceskfw==",
            "dev": true,
            "requires": {
                "@types/yargs": "^13.0.3",
                "yargs": "^14.2.0"
            }
        },
        "camelcase": {
            "version": "5.3.1",
            "resolved": "https://registry.npmjs.org/camelcase/-/camelcase-5.3.1.tgz",
            "integrity": "sha512-L28STB170nwWS63UjtlEOE3dldQApaJXZkOI1uMFfzf3rRuPegHaHesyee+YxQ+W6SvRDQV6UrdOdRiR153wJg==",
            "dev": true
        },
        "cliui": {
            "version": "5.0.0",
            "resolved": "https://registry.npmjs.org/cliui/-/cliui-5.0.0.tgz",
            "integrity": "sha512-PYeGSEmmHM6zvoef2w8TPzlrnNpXIjTipYK780YswmIP9vjxmd6Y2a3CB2Ks6/AU8NHjZugXvo8w3oWM2qnwXA==",
            "dev": true,
            "requires": {
                "string-width": "^3.1.0",
                "strip-ansi": "^5.2.0",
                "wrap-ansi": "^5.1.0"
            }
        },
        "color": {
            "version": "3.1.2",
            "resolved": "https://registry.npmjs.org/color/-/color-3.1.2.tgz",
            "integrity": "sha512-vXTJhHebByxZn3lDvDJYw4lR5+uB3vuoHsuYA5AKuxRVn5wzzIfQKGLBmgdVRHKTJYeK5rvJcHnrd0Li49CFpg==",
            "requires": {
                "color-convert": "^1.9.1",
                "color-string": "^1.5.2"
            }
        },
        "color-convert": {
            "version": "1.9.3",
            "resolved": "https://registry.npmjs.org/color-convert/-/color-convert-1.9.3.tgz",
            "integrity": "sha512-QfAUtd+vFdAtFQcC8CCyYt1fYWxSqAiK2cSD6zDB8N3cpsEBAvRxp9zOGg6G/SHHJYAT88/az/IuDGALsNVbGg==",
            "requires": {
                "color-name": "1.1.3"
            }
        },
        "color-name": {
            "version": "1.1.3",
            "resolved": "https://registry.npmjs.org/color-name/-/color-name-1.1.3.tgz",
            "integrity": "sha1-p9BVi9icQveV3UIyj3QIMcpTvCU="
        },
        "color-string": {
            "version": "1.5.3",
            "resolved": "https://registry.npmjs.org/color-string/-/color-string-1.5.3.tgz",
            "integrity": "sha512-dC2C5qeWoYkxki5UAXapdjqO672AM4vZuPGRQfO8b5HKuKGBbKWpITyDYN7TOFKvRW7kOgAn3746clDBMDJyQw==",
            "requires": {
                "color-name": "^1.0.0",
                "simple-swizzle": "^0.2.2"
            }
        },
        "decamelize": {
            "version": "1.2.0",
            "resolved": "https://registry.npmjs.org/decamelize/-/decamelize-1.2.0.tgz",
            "integrity": "sha1-9lNNFRSCabIDUue+4m9QH5oZEpA=",
            "dev": true
        },
        "decode-uri-component": {
            "version": "0.2.0",
            "resolved": "https://registry.npmjs.org/decode-uri-component/-/decode-uri-component-0.2.0.tgz",
            "integrity": "sha1-6zkTMzRYd1y4TNGh+uBiEGu4dUU="
        },
        "emoji-regex": {
            "version": "7.0.3",
            "resolved": "https://registry.npmjs.org/emoji-regex/-/emoji-regex-7.0.3.tgz",
            "integrity": "sha512-CwBLREIQ7LvYFB0WyRvwhq5N5qPhc6PMjD6bYggFlI5YyDgl+0vxq5VHbMOFqLg7hfWzmu8T5Z1QofhmTIhItA==",
            "dev": true
        },
        "find-up": {
            "version": "3.0.0",
            "resolved": "https://registry.npmjs.org/find-up/-/find-up-3.0.0.tgz",
            "integrity": "sha512-1yD6RmLI1XBfxugvORwlck6f75tYL+iR0jqwsOrOxMZyGYqUuDhJ0l4AXdO1iX/FTs9cBAMEk1gWSEx1kSbylg==",
            "dev": true,
            "requires": {
                "locate-path": "^3.0.0"
            }
        },
        "get-caller-file": {
            "version": "2.0.5",
            "resolved": "https://registry.npmjs.org/get-caller-file/-/get-caller-file-2.0.5.tgz",
            "integrity": "sha512-DyFP3BM/3YHTQOCUL/w0OZHR0lpKeGrxotcHWcqNEdnltqFwXVfhEBQ94eIo34AfQpo0rGki4cyIiftY06h2Fg==",
            "dev": true
        },
        "hoist-non-react-statics": {
            "version": "3.3.2",
            "resolved": "https://registry.npmjs.org/hoist-non-react-statics/-/hoist-non-react-statics-3.3.2.tgz",
            "integrity": "sha512-/gGivxi8JPKWNm/W0jSmzcMPpfpPLc3dY/6GxhX2hQ9iGj3aDfklV4ET7NjKpSinLpJ5vafa9iiGIEZg10SfBw==",
            "requires": {
                "react-is": "^16.7.0"
            }
        },
        "is-arrayish": {
            "version": "0.3.2",
            "resolved": "https://registry.npmjs.org/is-arrayish/-/is-arrayish-0.3.2.tgz",
            "integrity": "sha512-eVRqCvVlZbuw3GrM63ovNSNAeA1K16kaR/LRY/92w0zxQ5/1YzwblUX652i4Xs9RwAGjW9d9y6X88t8OaAJfWQ=="
        },
        "is-fullwidth-code-point": {
            "version": "2.0.0",
            "resolved": "https://registry.npmjs.org/is-fullwidth-code-point/-/is-fullwidth-code-point-2.0.0.tgz",
            "integrity": "sha1-o7MKXE8ZkYMWeqq5O+764937ZU8=",
            "dev": true
        },
        "isarray": {
            "version": "0.0.1",
            "resolved": "https://registry.npmjs.org/isarray/-/isarray-0.0.1.tgz",
            "integrity": "sha1-ihis/Kmo9Bd+Cav8YDiTmwXR7t8="
        },
        "locate-path": {
            "version": "3.0.0",
            "resolved": "https://registry.npmjs.org/locate-path/-/locate-path-3.0.0.tgz",
            "integrity": "sha512-7AO748wWnIhNqAuaty2ZWHkQHRSNfPVIsPIfwEOWO22AmaoVrWavlOcMR5nzTLNYvp36X220/maaRsrec1G65A==",
            "dev": true,
            "requires": {
                "p-locate": "^3.0.0",
                "path-exists": "^3.0.0"
            }
        },
        "p-limit": {
            "version": "2.3.0",
            "resolved": "https://registry.npmjs.org/p-limit/-/p-limit-2.3.0.tgz",
            "integrity": "sha512-//88mFWSJx8lxCzwdAABTJL2MyWB12+eIY7MDL2SqLmAkeKU9qxRvWuSyTjm3FUmpBEMuFfckAIqEaVGUDxb6w==",
            "dev": true,
            "requires": {
                "p-try": "^2.0.0"
            }
        },
        "p-locate": {
            "version": "3.0.0",
            "resolved": "https://registry.npmjs.org/p-locate/-/p-locate-3.0.0.tgz",
            "integrity": "sha512-x+12w/To+4GFfgJhBEpiDcLozRJGegY+Ei7/z0tSLkMmxGZNybVMSfWj9aJn8Z5Fc7dBUNJOOVgPv2H7IwulSQ==",
            "dev": true,
            "requires": {
                "p-limit": "^2.0.0"
            }
        },
        "p-try": {
            "version": "2.2.0",
            "resolved": "https://registry.npmjs.org/p-try/-/p-try-2.2.0.tgz",
            "integrity": "sha512-R4nPAVTAU0B9D35/Gk3uJf/7XYbQcyohSKdvAxIRSNghFl4e71hVoGnBNQz9cWaXxO2I10KTC+3jMdvvoKw6dQ==",
            "dev": true
        },
        "path-exists": {
            "version": "3.0.0",
            "resolved": "https://registry.npmjs.org/path-exists/-/path-exists-3.0.0.tgz",
            "integrity": "sha1-zg6+ql94yxiSXqfYENe1mwEP1RU=",
            "dev": true
        },
        "path-to-regexp": {
            "version": "1.8.0",
            "resolved": "https://registry.npmjs.org/path-to-regexp/-/path-to-regexp-1.8.0.tgz",
            "integrity": "sha512-n43JRhlUKUAlibEJhPeir1ncUID16QnEjNpwzNdO3Lm4ywrBpBZ5oLD0I6br9evr1Y9JTqwRtAh7JLoOzAQdVA==",
            "requires": {
                "isarray": "0.0.1"
            }
        },
        "query-string": {
            "version": "6.13.1",
            "resolved": "https://registry.npmjs.org/query-string/-/query-string-6.13.1.tgz",
            "integrity": "sha512-RfoButmcK+yCta1+FuU8REvisx1oEzhMKwhLUNcepQTPGcNMp1sIqjnfCtfnvGSQZQEhaBHvccujtWoUV3TTbA==",
            "requires": {
                "decode-uri-component": "^0.2.0",
                "split-on-first": "^1.0.0",
                "strict-uri-encode": "^2.0.0"
            }
        },
        "react-is": {
            "version": "16.13.1",
            "resolved": "https://registry.npmjs.org/react-is/-/react-is-16.13.1.tgz",
            "integrity": "sha512-24e6ynE2H+OKt4kqsOvNd8kBpV65zoxbA4BVsEOB3ARVWQki/DHzaUoC5KuON/BiccDaCCTZBuOcfZs70kR8bQ=="
        },
        "react-lifecycles-compat": {
            "version": "3.0.4",
            "resolved": "https://registry.npmjs.org/react-lifecycles-compat/-/react-lifecycles-compat-3.0.4.tgz",
            "integrity": "sha512-fBASbA6LnOU9dOU2eW7aQ8xmYBSXUIWr+UmF9b1efZBazGNO+rcXT/icdKnYm2pTwcRylVUYwW7H1PHfLekVzA=="
        },
        "react-native-iphone-x-helper": {
            "version": "1.2.1",
            "resolved": "https://registry.npmjs.org/react-native-iphone-x-helper/-/react-native-iphone-x-helper-1.2.1.tgz",
            "integrity": "sha512-/VbpIEp8tSNNHIvstuA3Swx610whci1Zpc9mqNkqn14DkMbw+ORviln2u0XyHG1kPvvwTNGZY6QpeFwxYaSdbQ=="
        },
        "react-native-safe-area-view": {
            "version": "0.14.9",
            "resolved": "https://registry.npmjs.org/react-native-safe-area-view/-/react-native-safe-area-view-0.14.9.tgz",
            "integrity": "sha512-WII/ulhpVyL/qbYb7vydq7dJAfZRBcEhg4/UWt6F6nAKpLa3gAceMOxBxI914ppwSP/TdUsandFy6lkJQE0z4A==",
            "requires": {
                "hoist-non-react-statics": "^2.3.1"
            },
            "dependencies": {
                "hoist-non-react-statics": {
                    "version": "2.5.5",
                    "resolved": "https://registry.npmjs.org/hoist-non-react-statics/-/hoist-non-react-statics-2.5.5.tgz",
                    "integrity": "sha512-rqcy4pJo55FTTLWt+bU8ukscqHeE/e9KWvsOW2b/a3afxQZhwkQdT1rPPCJ0rYXdj4vNcasY8zHTH+jF/qStxw=="
                }
            }
        },
        "react-native-tab-view": {
            "version": "2.15.1",
            "resolved": "https://registry.npmjs.org/react-native-tab-view/-/react-native-tab-view-2.15.1.tgz",
            "integrity": "sha512-cDYl1pNWspbEHBjHrHVpIC40h4g8VhZe0CIG0CUKcouX98vHVfAojxhgWuRosq9qMhITHpLKM+7BmBLnhCJ0nw=="
        },
        "react-navigation": {
            "version": "4.4.0",
            "resolved": "https://registry.npmjs.org/react-navigation/-/react-navigation-4.4.0.tgz",
            "integrity": "sha512-BtxqNNlEGm/ve1mGHxCvrtvDzZ+2OF/V9OJaDPz/Cdx2VvYiFGaq6mtlFQm5/2bLxiEVXhNFcYSTCP26YGiENA==",
            "requires": {
                "@react-navigation/core": "^3.7.6",
                "@react-navigation/native": "^3.8.0"
            }
        },
        "react-navigation-hooks": {
            "version": "1.1.0",
            "resolved": "https://registry.npmjs.org/react-navigation-hooks/-/react-navigation-hooks-1.1.0.tgz",
            "integrity": "sha512-ZY/aiYJ88KXaOo8iOa4171O/0x6ztGhUPd2OYzdaJhLT/tP64zi5HB/RZFImuKhaBTODXjoSpFaOTA5xpePG4g=="
        },
        "react-navigation-stack": {
            "version": "2.8.2",
            "resolved": "https://registry.npmjs.org/react-navigation-stack/-/react-navigation-stack-2.8.2.tgz",
            "integrity": "sha512-e1VtlF6NDdzgKmnqE3ucgizrgUWUakdT+r7htQU24iG8AJUFQEw+tH4Lfyj0St6i8/RLckXm+o9VgYJT+pNiRw==",
            "requires": {
                "color": "^3.1.2",
                "react-native-iphone-x-helper": "^1.2.1"
            }
        },
        "react-navigation-tabs": {
            "version": "2.9.0",
            "resolved": "https://registry.npmjs.org/react-navigation-tabs/-/react-navigation-tabs-2.9.0.tgz",
            "integrity": "sha512-+C9wyPtgxpEedhs1aX8pwtM7gJtpDMN3wPwq0jNkmONaurhb3hvE+mt3D7CLtX+zwxmMhcrPxSTSkynORKNn8g==",
            "requires": {
                "hoist-non-react-statics": "^3.3.2",
                "react-lifecycles-compat": "^3.0.4",
                "react-native-safe-area-view": "^0.14.9",
                "react-native-tab-view": "^2.11.0"
            }
        },
        "require-directory": {
            "version": "2.1.1",
            "resolved": "https://registry.npmjs.org/require-directory/-/require-directory-2.1.1.tgz",
            "integrity": "sha1-jGStX9MNqxyXbiNE/+f3kqam30I=",
            "dev": true
        },
        "require-main-filename": {
            "version": "2.0.0",
            "resolved": "https://registry.npmjs.org/require-main-filename/-/require-main-filename-2.0.0.tgz",
            "integrity": "sha512-NKN5kMDylKuldxYLSUfrbo5Tuzh4hd+2E8NPPX02mZtn1VuREQToYe/ZdlJy+J3uCpfaiGF05e7B8W0iXbQHmg==",
            "dev": true
        },
        "set-blocking": {
            "version": "2.0.0",
            "resolved": "https://registry.npmjs.org/set-blocking/-/set-blocking-2.0.0.tgz",
            "integrity": "sha1-BF+XgtARrppoA93TgrJDkrPYkPc=",
            "dev": true
        },
        "simple-swizzle": {
            "version": "0.2.2",
            "resolved": "https://registry.npmjs.org/simple-swizzle/-/simple-swizzle-0.2.2.tgz",
            "integrity": "sha1-pNprY1/8zMoz9w0Xy5JZLeleVXo=",
            "requires": {
                "is-arrayish": "^0.3.1"
            }
        },
        "split-on-first": {
            "version": "1.1.0",
            "resolved": "https://registry.npmjs.org/split-on-first/-/split-on-first-1.1.0.tgz",
            "integrity": "sha512-43ZssAJaMusuKWL8sKUBQXHWOpq8d6CfN/u1p4gUzfJkM05C8rxTmYrkIPTXapZpORA6LkkzcUulJ8FqA7Uudw=="
        },
        "strict-uri-encode": {
            "version": "2.0.0",
            "resolved": "https://registry.npmjs.org/strict-uri-encode/-/strict-uri-encode-2.0.0.tgz",
            "integrity": "sha1-ucczDHBChi9rFC3CdLvMWGbONUY="
        },
        "string-width": {
            "version": "3.1.0",
            "resolved": "https://registry.npmjs.org/string-width/-/string-width-3.1.0.tgz",
            "integrity": "sha512-vafcv6KjVZKSgz06oM/H6GDBrAtz8vdhQakGjFIvNrHA6y3HCF1CInLy+QLq8dTJPQ1b+KDUqDFctkdRW44e1w==",
            "dev": true,
            "requires": {
                "emoji-regex": "^7.0.1",
                "is-fullwidth-code-point": "^2.0.0",
                "strip-ansi": "^5.1.0"
            }
        },
        "strip-ansi": {
            "version": "5.2.0",
            "resolved": "https://registry.npmjs.org/strip-ansi/-/strip-ansi-5.2.0.tgz",
            "integrity": "sha512-DuRs1gKbBqsMKIZlrffwlug8MHkcnpjs5VPmL1PAh+mA30U0DTotfDZ0d2UUsXpPmPmMMJ6W773MaA3J+lbiWA==",
            "dev": true,
            "requires": {
                "ansi-regex": "^4.1.0"
            }
        },
        "typescript": {
            "version": "3.9.7",
            "resolved": "https://registry.npmjs.org/typescript/-/typescript-3.9.7.tgz",
            "integrity": "sha512-BLbiRkiBzAwsjut4x/dsibSTB6yWpwT5qWmC2OfuCg3GgVQCSgMs4vEctYPhsaGtd0AeuuHMkjZ2h2WG8MSzRw==",
            "dev": true
        },
        "which-module": {
            "version": "2.0.0",
            "resolved": "https://registry.npmjs.org/which-module/-/which-module-2.0.0.tgz",
            "integrity": "sha1-2e8H3Od7mQK4o6j6SzHD4/fm6Ho=",
            "dev": true
        },
        "wrap-ansi": {
            "version": "5.1.0",
            "resolved": "https://registry.npmjs.org/wrap-ansi/-/wrap-ansi-5.1.0.tgz",
            "integrity": "sha512-QC1/iN/2/RPVJ5jYK8BGttj5z83LmSKmvbvrXPNCLZSEb32KKVDJDl/MOt2N01qU2H/FkzEa9PKto1BqDjtd7Q==",
            "dev": true,
            "requires": {
                "ansi-styles": "^3.2.0",
                "string-width": "^3.0.0",
                "strip-ansi": "^5.0.0"
            }
        },
        "y18n": {
            "version": "4.0.0",
            "resolved": "https://registry.npmjs.org/y18n/-/y18n-4.0.0.tgz",
            "integrity": "sha512-r9S/ZyXu/Xu9q1tYlpsLIsa3EeLXXk0VwlxqTcFRfg9EhMW+17kbt9G0NrgCmhGb5vT2hyhJZLfDGx+7+5Uj/w==",
            "dev": true
        },
        "yargs": {
            "version": "14.2.3",
            "resolved": "https://registry.npmjs.org/yargs/-/yargs-14.2.3.tgz",
            "integrity": "sha512-ZbotRWhF+lkjijC/VhmOT9wSgyBQ7+zr13+YLkhfsSiTriYsMzkTUFP18pFhWwBeMa5gUc1MzbhrO6/VB7c9Xg==",
            "dev": true,
            "requires": {
                "cliui": "^5.0.0",
                "decamelize": "^1.2.0",
                "find-up": "^3.0.0",
                "get-caller-file": "^2.0.1",
                "require-directory": "^2.1.1",
                "require-main-filename": "^2.0.0",
                "set-blocking": "^2.0.0",
                "string-width": "^3.0.0",
                "which-module": "^2.0.0",
                "y18n": "^4.0.0",
                "yargs-parser": "^15.0.1"
            }
        },
        "yargs-parser": {
            "version": "15.0.1",
            "resolved": "https://registry.npmjs.org/yargs-parser/-/yargs-parser-15.0.1.tgz",
            "integrity": "sha512-0OAMV2mAZQrs3FkNpDQcBk1x5HXb8X4twADss4S0Iuk+2dGnLOE/fRHrsYm542GduMveyA77OF4wrNJuanRCWw==",
            "dev": true,
            "requires": {
                "camelcase": "^5.0.0",
                "decamelize": "^1.2.0"
            }
        }
    }
}
